
Microsoft Visual Studio Solution File, Format Version 12.00
# Visual Studio Version 17
VisualStudioVersion = 17.13.35818.85 d17.13
MinimumVisualStudioVersion = 10.0.40219.1
Project("{FAE04EC0-301F-11D3-BF4B-00C04F79EFBC}") = "Helloworld", "Helloworld.csproj", "{C50F0857-74A9-4F8D-A77E-D979BB4D52EE}"
EndProject
Global
	GlobalSection(SolutionConfigurationPlatforms) = preSolution
		Debug|Any CPU = Debug|Any CPU
		Release|Any CPU = Release|Any CPU
	EndGlobalSection
	GlobalSection(ProjectConfigurationPlatforms) = postSolution
		{C50F0857-74A9-4F8D-A77E-D979BB4D52EE}.Debug|Any CPU.ActiveCfg = Debug|Any CPU
		{C50F0857-74A9-4F8D-A77E-D979BB4D52EE}.Debug|Any CPU.Build.0 = Debug|Any CPU
		{C50F0857-74A9-4F8D-A77E-D979BB4D52EE}.Release|Any CPU.ActiveCfg = Release|Any CPU
		{C50F0857-74A9-4F8D-A77E-D979BB4D52EE}.Release|Any CPU.Build.0 = Release|Any CPU
	EndGlobalSection
	GlobalSection(SolutionProperties) = preSolution
		HideSolutionNode = FALSE
	EndGlobalSection
	GlobalSection(ExtensibilityGlobals) = postSolution
		SolutionGuid = {8D883229-F836-44BC-A482-9A4877B091A3}
	EndGlobalSection
EndGlobal
